// !$*UTF8*$!
{
	archiveVersion = 1;
	classes = {
	};
	objectVersion = 46;
	objects = {

/* Begin PBXBuildFile section */
		330432051A9CDF8500BAD93B /* main.m in Sources */ = {isa = PBXBuildFile; fileRef = 330432041A9CDF8500BAD93B /* main.m */; };
		330432081A9CDF8500BAD93B /* AppDelegate.m in Sources */ = {isa = PBXBuildFile; fileRef = 330432071A9CDF8500BAD93B /* AppDelegate.m */; };
		3304320B1A9CDF8500BAD93B /* ViewController.m in Sources */ = {isa = PBXBuildFile; fileRef = 3304320A1A9CDF8500BAD93B /* ViewController.m */; };
		3304320E1A9CDF8500BAD93B /* Main.storyboard in Resources */ = {isa = PBXBuildFile; fileRef = 3304320C1A9CDF8500BAD93B /* Main.storyboard */; };
		330432101A9CDF8500BAD93B /* Images.xcassets in Resources */ = {isa = PBXBuildFile; fileRef = 3304320F1A9CDF8500BAD93B /* Images.xcassets */; };
		330432131A9CDF8500BAD93B /* LaunchScreen.xib in Resources */ = {isa = PBXBuildFile; fileRef = 330432111A9CDF8500BAD93B /* LaunchScreen.xib */; };
		3304321F1A9CDF8500BAD93B /* Kent_Denver_AppTests.m in Sources */ = {isa = PBXBuildFile; fileRef = 3304321E1A9CDF8500BAD93B /* Kent_Denver_AppTests.m */; };
/* End PBXBuildFile section */

/* Begin PBXContainerItemProxy section */
		330432191A9CDF8500BAD93B /* PBXContainerItemProxy */ = {
			isa = PBXContainerItemProxy;
			containerPortal = 330431F71A9CDF8500BAD93B /* Project object */;
			proxyType = 1;
			remoteGlobalIDString = 330431FE1A9CDF8500BAD93B;
			remoteInfo = "Kent Denver App";
		};
/* End PBXContainerItemProxy section */

/* Begin PBXFileReference section */
		330431FF1A9CDF8500BAD93B /* Kent Denver App.app */ = {isa = PBXFileReference; explicitFileType = wrapper.application; includeInIndex = 0; path = "Kent Denver App.app"; sourceTree = BUILT_PRODUCTS_DIR; };
		330432031A9CDF8500BAD93B /* Info.plist */ = {isa = PBXFileReference; lastKnownFileType = text.plist.xml; path = Info.plist; sourceTree = "<group>"; };
		330432041A9CDF8500BAD93B /* main.m */ = {isa = PBXFileReference; lastKnownFileType = sourcecode.c.objc; path = main.m; sourceTree = "<group>"; };
		330432061A9CDF8500BAD93B /* AppDelegate.h */ = {isa = PBXFileReference; lastKnownFileType = sourcecode.c.h; path = AppDelegate.h; sourceTree = "<group>"; };
		330432071A9CDF8500BAD93B /* AppDelegate.m */ = {isa = PBXFileReference; lastKnownFileType = sourcecode.c.objc; path = AppDelegate.m; sourceTree = "<group>"; };
		330432091A9CDF8500BAD93B /* ViewController.h */ = {isa = PBXFileReference; lastKnownFileType = sourcecode.c.h; path = ViewController.h; sourceTree = "<group>"; };
		3304320A1A9CDF8500BAD93B /* ViewController.m */ = {isa = PBXFileReference; lastKnownFileType = sourcecode.c.objc; path = ViewController.m; sourceTree = "<group>"; };
		3304320D1A9CDF8500BAD93B /* Base */ = {isa = PBXFileReference; lastKnownFileType = file.storyboard; name = Base; path = Base.lproj/Main.storyboard; sourceTree = "<group>"; };
		3304320F1A9CDF8500BAD93B /* Images.xcassets */ = {isa = PBXFileReference; lastKnownFileType = folder.assetcatalog; path = Images.xcassets; sourceTree = "<group>"; };
		330432121A9CDF8500BAD93B /* Base */ = {isa = PBXFileReference; lastKnownFileType = file.xib; name = Base; path = Base.lproj/LaunchScreen.xib; sourceTree = "<group>"; };
		330432181A9CDF8500BAD93B /* Kent Denver AppTests.xctest */ = {isa = PBXFileReference; explicitFileType = wrapper.cfbundle; includeInIndex = 0; path = "Kent Denver AppTests.xctest"; sourceTree = BUILT_PRODUCTS_DIR; };
		3304321D1A9CDF8500BAD93B /* Info.plist */ = {isa = PBXFileReference; lastKnownFileType = text.plist.xml; path = Info.plist; sourceTree = "<group>"; };
		3304321E1A9CDF8500BAD93B /* Kent_Denver_AppTests.m */ = {isa = PBXFileReference; lastKnownFileType = sourcecode.c.objc; path = Kent_Denver_AppTests.m; sourceTree = "<group>"; };
/* End PBXFileReference section */

/* Begin PBXFrameworksBuildPhase section */
		330431FC1A9CDF8500BAD93B /* Frameworks */ = {
			isa = PBXFrameworksBuildPhase;
			buildActionMask = 2147483647;
			files = (
			);
			runOnlyForDeploymentPostprocessing = 0;
		};
		330432151A9CDF8500BAD93B /* Frameworks */ = {
			isa = PBXFrameworksBuildPhase;
			buildActionMask = 2147483647;
			files = (
			);
			runOnlyForDeploymentPostprocessing = 0;
		};
/* End PBXFrameworksBuildPhase section */

/* Begin PBXGroup section */
		330431F61A9CDF8500BAD93B = {
			isa = PBXGroup;
			children = (
				330432011A9CDF8500BAD93B /* Kent Denver App */,
				3304321B1A9CDF8500BAD93B /* Kent Denver AppTests */,
				330432001A9CDF8500BAD93B /* Products */,
			);
			sourceTree = "<group>";
		};
		330432001A9CDF8500BAD93B /* Products */ = {
			isa = PBXGroup;
			children = (
				330431FF1A9CDF8500BAD93B /* Kent Denver App.app */,
				330432181A9CDF8500BAD93B /* Kent Denver AppTests.xctest */,
			);
			name = Products;
			sourceTree = "<group>";
		};
		330432011A9CDF8500BAD93B /* Kent Denver App */ = {
			isa = PBXGroup;
			children = (
				330432061A9CDF8500BAD93B /* AppDelegate.h */,
				330432071A9CDF8500BAD93B /* AppDelegate.m */,
				330432091A9CDF8500BAD93B /* ViewController.h */,
				3304320A1A9CDF8500BAD93B /* ViewController.m */,
				3304320C1A9CDF8500BAD93B /* Main.storyboard */,
				3304320F1A9CDF8500BAD93B /* Images.xcassets */,
				330432111A9CDF8500BAD93B /* LaunchScreen.xib */,
				330432021A9CDF8500BAD93B /* Supporting Files */,
			);
			path = "Kent Denver App";
			sourceTree = "<group>";
		};
		330432021A9CDF8500BAD93B /* Supporting Files */ = {
			isa = PBXGroup;
			children = (
				330432031A9CDF8500BAD93B /* Info.plist */,
				330432041A9CDF8500BAD93B /* main.m */,
			);
			name = "Supporting Files";
			sourceTree = "<group>";
		};
		3304321B1A9CDF8500BAD93B /* Kent Denver AppTests */ = {
			isa = PBXGroup;
			children = (
				3304321E1A9CDF8500BAD93B /* Kent_Denver_AppTests.m */,
				3304321C1A9CDF8500BAD93B /* Supporting Files */,
			);
			path = "Kent Denver AppTests";
			sourceTree = "<group>";
		};
		3304321C1A9CDF8500BAD93B /* Supporting Files */ = {
			isa = PBXGroup;
			children = (
				3304321D1A9CDF8500BAD93B /* Info.plist */,
			);
			name = "Supporting Files";
			sourceTree = "<group>";
		};
/* End PBXGroup section */

/* Begin PBXNativeTarget section */
		330431FE1A9CDF8500BAD93B /* Kent Denver App */ = {
			isa = PBXNativeTarget;
			buildConfigurationList = 330432221A9CDF8500BAD93B /* Build configuration list for PBXNativeTarget "Kent Denver App" */;
			buildPhases = (
				330431FB1A9CDF8500BAD93B /* Sources */,
				330431FC1A9CDF8500BAD93B /* Frameworks */,
				330431FD1A9CDF8500BAD93B /* Resources */,
			);
			buildRules = (
			);
			dependencies = (
			);
			name = "Kent Denver App";
			productName = "Kent Denver App";
			productReference = 330431FF1A9CDF8500BAD93B /* Kent Denver App.app */;
			productType = "com.apple.product-type.application";
		};
		330432171A9CDF8500BAD93B /* Kent Denver AppTests */ = {
			isa = PBXNativeTarget;
			buildConfigurationList = 330432251A9CDF8500BAD93B /* Build configuration list for PBXNativeTarget "Kent Denver AppTests" */;
			buildPhases = (
				330432141A9CDF8500BAD93B /* Sources */,
				330432151A9CDF8500BAD93B /* Frameworks */,
				330432161A9CDF8500BAD93B /* Resources */,
			);
			buildRules = (
			);
			dependencies = (
				3304321A1A9CDF8500BAD93B /* PBXTargetDependency */,
			);
			name = "Kent Denver AppTests";
			productName = "Kent Denver AppTests";
			productReference = 330432181A9CDF8500BAD93B /* Kent Denver AppTests.xctest */;
			productType = "com.apple.product-type.bundle.unit-test";
		};
/* End PBXNativeTarget section */

/* Begin PBXProject section */
		330431F71A9CDF8500BAD93B /* Project object */ = {
			isa = PBXProject;
			attributes = {
				LastUpgradeCheck = 0610;
				ORGANIZATIONNAME = "Jeremy M. Poley";
				TargetAttributes = {
					330431FE1A9CDF8500BAD93B = {
						CreatedOnToolsVersion = 6.1.1;
					};
					330432171A9CDF8500BAD93B = {
						CreatedOnToolsVersion = 6.1.1;
						TestTargetID = 330431FE1A9CDF8500BAD93B;
					};
				};
			};
			buildConfigurationList = 330431FA1A9CDF8500BAD93B /* Build configuration list for PBXProject "Kent Denver App" */;
			compatibilityVersion = "Xcode 3.2";
			developmentRegion = English;
			hasScannedForEncodings = 0;
			knownRegions = (
				en,
				Base,
			);
			mainGroup = 330431F61A9CDF8500BAD93B;
			productRefGroup = 330432001A9CDF8500BAD93B /* Products */;
			projectDirPath = "";
			projectRoot = "";
			targets = (
				330431FE1A9CDF8500BAD93B /* Kent Denver App */,
				330432171A9CDF8500BAD93B /* Kent Denver AppTests */,
			);
		};
/* End PBXProject section */

/* Begin PBXResourcesBuildPhase section */
		330431FD1A9CDF8500BAD93B /* Resources */ = {
			isa = PBXResourcesBuildPhase;
			buildActionMask = 2147483647;
			files = (
				3304320E1A9CDF8500BAD93B /* Main.storyboard in Resources */,
				330432131A9CDF8500BAD93B /* LaunchScreen.xib in Resources */,
				330432101A9CDF8500BAD93B /* Images.xcassets in Resources */,
			);
			runOnlyForDeploymentPostprocessing = 0;
		};
		330432161A9CDF8500BAD93B /* Resources */ = {
			isa = PBXResourcesBuildPhase;
			buildActionMask = 2147483647;
			files = (
			);
			runOnlyForDeploymentPostprocessing = 0;
		};
/* End PBXResourcesBuildPhase section */

/* Begin PBXSourcesBuildPhase section */
		330431FB1A9CDF8500BAD93B /* Sources */ = {
			isa = PBXSourcesBuildPhase;
			buildActionMask = 2147483647;
			files = (
				3304320B1A9CDF8500BAD93B /* ViewController.m in Sources */,
				330432081A9CDF8500BAD93B /* AppDelegate.m in Sources */,
				330432051A9CDF8500BAD93B /* main.m in Sources */,
			);
			runOnlyForDeploymentPostprocessing = 0;
		};
		330432141A9CDF8500BAD93B /* Sources */ = {
			isa = PBXSourcesBuildPhase;
			buildActionMask = 2147483647;
			files = (
				3304321F1A9CDF8500BAD93B /* Kent_Denver_AppTests.m in Sources */,
			);
			runOnlyForDeploymentPostprocessing = 0;
		};
/* End PBXSourcesBuildPhase section */

/* Begin PBXTargetDependency section */
		3304321A1A9CDF8500BAD93B /* PBXTargetDependency */ = {
			isa = PBXTargetDependency;
			target = 330431FE1A9CDF8500BAD93B /* Kent Denver App */;
			targetProxy = 330432191A9CDF8500BAD93B /* PBXContainerItemProxy */;
		};
/* End PBXTargetDependency section */

/* Begin PBXVariantGroup section */
		3304320C1A9CDF8500BAD93B /* Main.storyboard */ = {
			isa = PBXVariantGroup;
			children = (
				3304320D1A9CDF8500BAD93B /* Base */,
			);
			name = Main.storyboard;
			sourceTree = "<group>";
		};
		330432111A9CDF8500BAD93B /* LaunchScreen.xib */ = {
			isa = PBXVariantGroup;
			children = (
				330432121A9CDF8500BAD93B /* Base */,
			);
			name = LaunchScreen.xib;
			sourceTree = "<group>";
		};
/* End PBXVariantGroup section */

/* Begin XCBuildConfiguration section */
		330432201A9CDF8500BAD93B /* Debug */ = {
			isa = XCBuildConfiguration;
			buildSettings = {
				ALWAYS_SEARCH_USER_PATHS = NO;
				CLANG_CXX_LANGUAGE_STANDARD = "gnu++0x";
				CLANG_CXX_LIBRARY = "libc++";
				CLANG_ENABLE_MODULES = YES;
				CLANG_ENABLE_OBJC_ARC = YES;
				CLANG_WARN_BOOL_CONVERSION = YES;
				CLANG_WARN_CONSTANT_CONVERSION = YES;
				CLANG_WARN_DIRECT_OBJC_ISA_USAGE = YES_ERROR;
				CLANG_WARN_EMPTY_BODY = YES;
				CLANG_WARN_ENUM_CONVERSION = YES;
				CLANG_WARN_INT_CONVERSION = YES;
				CLANG_WARN_OBJC_ROOT_CLASS = YES_ERROR;
				CLANG_WARN_UNREACHABLE_CODE = YES;
				CLANG_WARN__DUPLICATE_METHOD_MATCH = YES;
				"CODE_SIGN_IDENTITY[sdk=iphoneos*]" = "iPhone Developer";
				COPY_PHASE_STRIP = NO;
				ENABLE_STRICT_OBJC_MSGSEND = YES;
				GCC_C_LANGUAGE_STANDARD = gnu99;
				GCC_DYNAMIC_NO_PIC = NO;
				GCC_OPTIMIZATION_LEVEL = 0;
				GCC_PREPROCESSOR_DEFINITIONS = (
					"DEBUG=1",
					"$(inherited)",
				);
				GCC_SYMBOLS_PRIVATE_EXTERN = NO;
				GCC_WARN_64_TO_32_BIT_CONVERSION = YES;
				GCC_WARN_ABOUT_RETURN_TYPE = YES_ERROR;
				GCC_WARN_UNDECLARED_SELECTOR = YES;
				GCC_WARN_UNINITIALIZED_AUTOS = YES_AGGRESSIVE;
				GCC_WARN_UNUSED_FUNCTION = YES;
				GCC_WARN_UNUSED_VARIABLE = YES;
				IPHONEOS_DEPLOYMENT_TARGET = 8.1;
				MTL_ENABLE_DEBUG_INFO = YES;
				ONLY_ACTIVE_ARCH = YES;
				SDKROOT = iphoneos;
				TARGETED_DEVICE_FAMILY = "1,2";
			};
			name = Debug;
		};
		330432211A9CDF8500BAD93B /* Release */ = {
			isa = XCBuildConfiguration;
			buildSettings = {
				ALWAYS_SEARCH_USER_PATHS = NO;
				CLANG_CXX_LANGUAGE_STANDARD = "gnu++0x";
				CLANG_CXX_LIBRARY = "libc++";
				CLANG_ENABLE_MODULES = YES;
				CLANG_ENABLE_OBJC_ARC = YES;
				CLANG_WARN_BOOL_CONVERSION = YES;
				CLANG_WARN_CONSTANT_CONVERSION = YES;
				CLANG_WARN_DIRECT_OBJC_ISA_USAGE = YES_ERROR;
				CLANG_WARN_EMPTY_BODY = YES;
				CLANG_WARN_ENUM_CONVERSION = YES;
				CLANG_WARN_INT_CONVERSION = YES;
				CLANG_WARN_OBJC_ROOT_CLASS = YES_ERROR;
				CLANG_WARN_UNREACHABLE_CODE = YES;
				CLANG_WARN__DUPLICATE_METHOD_MATCH = YES;
				"CODE_SIGN_IDENTITY[sdk=iphoneos*]" = "iPhone Developer";
				COPY_PHASE_STRIP = YES;
				ENABLE_NS_ASSERTIONS = NO;
				ENABLE_STRICT_OBJC_MSGSEND = YES;
				GCC_C_LANGUAGE_STANDARD = gnu99;
				GCC_WARN_64_TO_32_BIT_CONVERSION = YES;
				GCC_WARN_ABOUT_RETURN_TYPE = YES_ERROR;
				GCC_WARN_UNDECLARED_SELECTOR = YES;
				GCC_WARN_UNINITIALIZED_AUTOS = YES_AGGRESSIVE;
				GCC_WARN_UNUSED_FUNCTION = YES;
				GCC_WARN_UNUSED_VARIABLE = YES;
				IPHONEOS_DEPLOYMENT_TARGET = 8.1;
				MTL_ENABLE_DEBUG_INFO = NO;
				SDKROOT = iphoneos;
				TARGETED_DEVICE_FAMILY = "1,2";
				VALIDATE_PRODUCT = YES;
			};
			name = Release;
		};
		330432231A9CDF8500BAD93B /* Debug */ = {
			isa = XCBuildConfiguration;
			buildSettings = {
				ASSETCATALOG_COMPILER_APPICON_NAME = AppIcon;
				INFOPLIST_FILE = "Kent Denver App/Info.plist";
				LD_RUNPATH_SEARCH_PATHS = "$(inherited) @executable_path/Frameworks";
				PRODUCT_NAME = "$(TARGET_NAME)";
			};
			name = Debug;
		};
		330432241A9CDF8500BAD93B /* Release */ = {
			isa = XCBuildConfiguration;
			buildSettings = {
				ASSETCATALOG_COMPILER_APPICON_NAME = AppIcon;
				INFOPLIST_FILE = "Kent Denver App/Info.plist";
				LD_RUNPATH_SEARCH_PATHS = "$(inherited) @executable_path/Frameworks";
				PRODUCT_NAME = "$(TARGET_NAME)";
			};
			name = Release;
		};
		330432261A9CDF8500BAD93B /* Debug */ = {
			isa = XCBuildConfiguration;
			buildSettings = {
				BUNDLE_LOADER = "$(TEST_HOST)";
				FRAMEWORK_SEARCH_PATHS = (
					"$(SDKROOT)/Developer/Library/Frameworks",
					"$(inherited)",
				);
				GCC_PREPROCESSOR_DEFINITIONS = (
					"DEBUG=1",
					"$(inherited)",
				);
				INFOPLIST_FILE = "Kent Denver AppTests/Info.plist";
				LD_RUNPATH_SEARCH_PATHS = "$(inherited) @executable_path/Frameworks @loader_path/Frameworks";
				PRODUCT_NAME = "$(TARGET_NAME)";
				TEST_HOST = "$(BUILT_PRODUCTS_DIR)/Kent Denver App.app/Kent Denver App";
			};
			name = Debug;
		};
		330432271A9CDF8500BAD93B /* Release */ = {
			isa = XCBuildConfiguration;
			buildSettings = {
				BUNDLE_LOADER = "$(TEST_HOST)";
				FRAMEWORK_SEARCH_PATHS = (
					"$(SDKROOT)/Developer/Library/Frameworks",
					"$(inherited)",
				);
				INFOPLIST_FILE = "Kent Denver AppTests/Info.plist";
				LD_RUNPATH_SEARCH_PATHS = "$(inherited) @executable_path/Frameworks @loader_path/Frameworks";
				PRODUCT_NAME = "$(TARGET_NAME)";
				TEST_HOST = "$(BUILT_PRODUCTS_DIR)/Kent Denver App.app/Kent Denver App";
			};
			name = Release;
		};
/* End XCBuildConfiguration section */

/* Begin XCConfigurationList section */
		330431FA1A9CDF8500BAD93B /* Build configuration list for PBXProject "Kent Denver App" */ = {
			isa = XCConfigurationList;
			buildConfigurations = (
				330432201A9CDF8500BAD93B /* Debug */,
				330432211A9CDF8500BAD93B /* Release */,
			);
			defaultConfigurationIsVisible = 0;
			defaultConfigurationName = Release;
		};
		330432221A9CDF8500BAD93B /* Build configuration list for PBXNativeTarget "Kent Denver App" */ = {
			isa = XCConfigurationList;
			buildConfigurations = (
				330432231A9CDF8500BAD93B /* Debug */,
				330432241A9CDF8500BAD93B /* Release */,
			);
			defaultConfigurationIsVisible = 0;
		};
		330432251A9CDF8500BAD93B /* Build configuration list for PBXNativeTarget "Kent Denver AppTests" */ = {
			isa = XCConfigurationList;
			buildConfigurations = (
				330432261A9CDF8500BAD93B /* Debug */,
				330432271A9CDF8500BAD93B /* Release */,
			);
			defaultConfigurationIsVisible = 0;
		};
/* End XCConfigurationList section */
	};
	rootObject = 330431F71A9CDF8500BAD93B /* Project object */;
}
